golang.org/x/sys v0.34.0 h1:H5Y5sJ2L2JRdyv7ROF1he/lPdvFsd0mJHFw2ThKHxLA=
golang.org/x/sys v0.34.0/go.mod h1:BJP2sWEmIv4KK5OTEluFJCKSidICx8ciO85XgH3Ak8k=
golang.org/x/term v0.33.0 h1:NuFncQrRcaRvVmgRkvM3j/F00gWIAlcmlB8ACEKmGIg=
golang.org/x/term v0.33.0/go.mod h1:s18+ql9tYWp1IfpV9DmCtQDDSRBUjKaw9M1eAv5UeF0=
honnef.co/go/js/dom/v2 v2.0.0-20210725211120-f030747120f2 h1:D/LwaFp9xgVb5wK9aMXA8SjpKikXtb7MqkjtZwRMMmw=
honnef.co/go/js/dom/v2 v2.0.0-20210725211120-f030747120f2/go.mod h1:H5R0jAIe6IchQE778FS2QcrNVgS4vPFb0HPb72n/IJI=
